
Microsoft Visual Studio Solution File, Format Version 12.00
# Visual Studio 15
VisualStudioVersion = 15.0.28307.271
MinimumVisualStudioVersion = 10.0.40219.1
Project("{8BC9CEB8-8B4A-11D0-8D11-00A0C91BC942}") = "AVL", "AVL\AVL.vcxproj", "{BB13B897-4711-4A52-836F-2669FB22263E}"
EndProject
Global
	GlobalSection(SolutionConfigurationPlatforms) = preSolution
		Debug|x64 = Debug|x64
		Debug|x86 = Debug|x86
		Release|x64 = Release|x64
		Release|x86 = Release|x86
	EndGlobalSection
	GlobalSection(ProjectConfigurationPlatforms) = postSolution
		{BB13B897-4711-4A52-836F-2669FB22263E}.Debug|x64.ActiveCfg = Debug|x64
		{BB13B897-4711-4A52-836F-2669FB22263E}.Debug|x64.Build.0 = Debug|x64
		{BB13B897-4711-4A52-836F-2669FB22263E}.Debug|x86.ActiveCfg = Debug|Win32
		{BB13B897-4711-4A52-836F-2669FB22263E}.Debug|x86.Build.0 = Debug|Win32
		{BB13B897-4711-4A52-836F-2669FB22263E}.Release|x64.ActiveCfg = Release|x64
		{BB13B897-4711-4A52-836F-2669FB22263E}.Release|x64.Build.0 = Release|x64
		{BB13B897-4711-4A52-836F-2669FB22263E}.Release|x86.ActiveCfg = Release|Win32
		{BB13B897-4711-4A52-836F-2669FB22263E}.Release|x86.Build.0 = Release|Win32
	EndGlobalSection
	GlobalSection(SolutionProperties) = preSolution
		HideSolutionNode = FALSE
	EndGlobalSection
	GlobalSection(ExtensibilityGlobals) = postSolution
		SolutionGuid = {06570CED-D54E-4E08-9866-93A671135371}
	EndGlobalSection
EndGlobal
